
Microsoft Visual Studio Solution File, Format Version 12.00
# Visual Studio 15
VisualStudioVersion = 15.0.28010.2048
MinimumVisualStudioVersion = 10.0.40219.1
Project("{FAE04EC0-301F-11D3-BF4B-00C04F79EFBC}") = "TheNameFlewAway", "TheNameFlewAway\TheNameFlewAway.csproj", "{DA41E4CD-63BA-4F68-90BF-6CF402D8FE68}"
EndProject
Project("{FAE04EC0-301F-11D3-BF4B-00C04F79EFBC}") = "AdministratorPage", "AdministratorPage\AdministratorPage.csproj", "{DF8C91BE-3DCA-4496-A17F-BD7868293B00}"
EndProject
Global
	GlobalSection(SolutionConfigurationPlatforms) = preSolution
		Debug|Any CPU = Debug|Any CPU
		Release|Any CPU = Release|Any CPU
	EndGlobalSection
	GlobalSection(ProjectConfigurationPlatforms) = postSolution
		{DA41E4CD-63BA-4F68-90BF-6CF402D8FE68}.Debug|Any CPU.ActiveCfg = Debug|Any CPU
		{DA41E4CD-63BA-4F68-90BF-6CF402D8FE68}.Debug|Any CPU.Build.0 = Debug|Any CPU
		{DA41E4CD-63BA-4F68-90BF-6CF402D8FE68}.Release|Any CPU.ActiveCfg = Release|Any CPU
		{DA41E4CD-63BA-4F68-90BF-6CF402D8FE68}.Release|Any CPU.Build.0 = Release|Any CPU
		{DF8C91BE-3DCA-4496-A17F-BD7868293B00}.Debug|Any CPU.ActiveCfg = Debug|Any CPU
		{DF8C91BE-3DCA-4496-A17F-BD7868293B00}.Debug|Any CPU.Build.0 = Debug|Any CPU
		{DF8C91BE-3DCA-4496-A17F-BD7868293B00}.Release|Any CPU.ActiveCfg = Release|Any CPU
		{DF8C91BE-3DCA-4496-A17F-BD7868293B00}.Release|Any CPU.Build.0 = Release|Any CPU
	EndGlobalSection
	GlobalSection(SolutionProperties) = preSolution
		HideSolutionNode = FALSE
	EndGlobalSection
	GlobalSection(ExtensibilityGlobals) = postSolution
		SolutionGuid = {52128973-BA72-4575-9458-089CEF61DF5B}
	EndGlobalSection
EndGlobal
